// !$*UTF8*$!
{
	archiveVersion = 1;
	classes = {
	};
	objectVersion = 55;
	objects = {

/* Begin PBXBuildFile section */
		1F0FA337B46FF0668969A04A /* Pods_Instagram.framework in Frameworks */ = {isa = PBXBuildFile; fileRef = 19ED41DA185756AEE8BEF234 /* Pods_Instagram.framework */; };
		41A9181D27B8C1B000DC9E48 /* GoogleService-Info.plist in Resources */ = {isa = PBXBuildFile; fileRef = 41A9181C27B8C1B000DC9E48 /* GoogleService-Info.plist */; };
		41A9182027BA157400DC9E48 /* DatabaseManager.swift in Sources */ = {isa = PBXBuildFile; fileRef = 41A9181F27BA157400DC9E48 /* DatabaseManager.swift */; };
		41A9182227BA169C00DC9E48 /* AuthManager.swift in Sources */ = {isa = PBXBuildFile; fileRef = 41A9182127BA169C00DC9E48 /* AuthManager.swift */; };
		41A9182427BA176F00DC9E48 /* StorageManager.swift in Sources */ = {isa = PBXBuildFile; fileRef = 41A9182327BA176F00DC9E48 /* StorageManager.swift */; };
		41B4D5DE27B6DB800063AF03 /* ExploreViewController.swift in Sources */ = {isa = PBXBuildFile; fileRef = 41B4D5DD27B6DB800063AF03 /* ExploreViewController.swift */; };
		41B4D5E027B6DBA70063AF03 /* CameraViewController.swift in Sources */ = {isa = PBXBuildFile; fileRef = 41B4D5DF27B6DBA70063AF03 /* CameraViewController.swift */; };
		41B4D5E227B6DC1B0063AF03 /* NotificationsViewController.swift in Sources */ = {isa = PBXBuildFile; fileRef = 41B4D5E127B6DC1A0063AF03 /* NotificationsViewController.swift */; };
		41B4D5E427B6DC280063AF03 /* ProfileViewController.swift in Sources */ = {isa = PBXBuildFile; fileRef = 41B4D5E327B6DC280063AF03 /* ProfileViewController.swift */; };
		41B4D5E927B6DDB60063AF03 /* LoginViewController.swift in Sources */ = {isa = PBXBuildFile; fileRef = 41B4D5E827B6DDB60063AF03 /* LoginViewController.swift */; };
		41B4D5EB27B6DDC30063AF03 /* RegistrationViewController.swift in Sources */ = {isa = PBXBuildFile; fileRef = 41B4D5EA27B6DDC30063AF03 /* RegistrationViewController.swift */; };
		41B4D5ED27B6DDF70063AF03 /* PostViewController.swift in Sources */ = {isa = PBXBuildFile; fileRef = 41B4D5EC27B6DDF70063AF03 /* PostViewController.swift */; };
		41B4D5EF27B6DE3E0063AF03 /* EditProfileViewController.swift in Sources */ = {isa = PBXBuildFile; fileRef = 41B4D5EE27B6DE3E0063AF03 /* EditProfileViewController.swift */; };
		41B4D5F127B6DE4A0063AF03 /* SettingsViewController.swift in Sources */ = {isa = PBXBuildFile; fileRef = 41B4D5F027B6DE4A0063AF03 /* SettingsViewController.swift */; };
		41B4D5F327B6DE560063AF03 /* ListViewController.swift in Sources */ = {isa = PBXBuildFile; fileRef = 41B4D5F227B6DE560063AF03 /* ListViewController.swift */; };
		41B4D5F527B6DF130063AF03 /* SearchViewController.swift in Sources */ = {isa = PBXBuildFile; fileRef = 41B4D5F427B6DF130063AF03 /* SearchViewController.swift */; };
		41B4D5F727B6DF320063AF03 /* SearchResultViewController.swift in Sources */ = {isa = PBXBuildFile; fileRef = 41B4D5F627B6DF320063AF03 /* SearchResultViewController.swift */; };
		41B4D5F927B6DF830063AF03 /* PostEditorViewController.swift in Sources */ = {isa = PBXBuildFile; fileRef = 41B4D5F827B6DF830063AF03 /* PostEditorViewController.swift */; };
		41B4D5FB27B6DF9D0063AF03 /* PublishPostViewController.swift in Sources */ = {isa = PBXBuildFile; fileRef = 41B4D5FA27B6DF9D0063AF03 /* PublishPostViewController.swift */; };
		41CCA1A027B2224400A1D5B0 /* AppDelegate.swift in Sources */ = {isa = PBXBuildFile; fileRef = 41CCA19F27B2224400A1D5B0 /* AppDelegate.swift */; };
		41CCA1A227B2224400A1D5B0 /* SceneDelegate.swift in Sources */ = {isa = PBXBuildFile; fileRef = 41CCA1A127B2224400A1D5B0 /* SceneDelegate.swift */; };
		41CCA1A427B2224400A1D5B0 /* HomeViewController.swift in Sources */ = {isa = PBXBuildFile; fileRef = 41CCA1A327B2224400A1D5B0 /* HomeViewController.swift */; };
		41CCA1A727B2224400A1D5B0 /* Main.storyboard in Resources */ = {isa = PBXBuildFile; fileRef = 41CCA1A527B2224400A1D5B0 /* Main.storyboard */; };
		41CCA1AA27B2224400A1D5B0 /* Instagram.xcdatamodeld in Sources */ = {isa = PBXBuildFile; fileRef = 41CCA1A827B2224400A1D5B0 /* Instagram.xcdatamodeld */; };
		41CCA1AC27B2224700A1D5B0 /* Assets.xcassets in Resources */ = {isa = PBXBuildFile; fileRef = 41CCA1AB27B2224700A1D5B0 /* Assets.xcassets */; };
		41CCA1AF27B2224700A1D5B0 /* LaunchScreen.storyboard in Resources */ = {isa = PBXBuildFile; fileRef = 41CCA1AD27B2224700A1D5B0 /* LaunchScreen.storyboard */; };
		41E3560C27BB32770096EF3A /* Extensions.swift in Sources */ = {isa = PBXBuildFile; fileRef = 41E3560B27BB32770096EF3A /* Extensions.swift */; };
/* End PBXBuildFile section */

/* Begin PBXFileReference section */
		19ED41DA185756AEE8BEF234 /* Pods_Instagram.framework */ = {isa = PBXFileReference; explicitFileType = wrapper.framework; includeInIndex = 0; path = Pods_Instagram.framework; sourceTree = BUILT_PRODUCTS_DIR; };
		1DB45FDEF72815B2D2461910 /* Pods-Instagram.debug.xcconfig */ = {isa = PBXFileReference; includeInIndex = 1; lastKnownFileType = text.xcconfig; name = "Pods-Instagram.debug.xcconfig"; path = "Target Support Files/Pods-Instagram/Pods-Instagram.debug.xcconfig"; sourceTree = "<group>"; };
		41A9181C27B8C1B000DC9E48 /* GoogleService-Info.plist */ = {isa = PBXFileReference; fileEncoding = 4; lastKnownFileType = text.plist.xml; path = "GoogleService-Info.plist"; sourceTree = "<group>"; };
		41A9181F27BA157400DC9E48 /* DatabaseManager.swift */ = {isa = PBXFileReference; lastKnownFileType = sourcecode.swift; path = DatabaseManager.swift; sourceTree = "<group>"; };
		41A9182127BA169C00DC9E48 /* AuthManager.swift */ = {isa = PBXFileReference; lastKnownFileType = sourcecode.swift; path = AuthManager.swift; sourceTree = "<group>"; };
		41A9182327BA176F00DC9E48 /* StorageManager.swift */ = {isa = PBXFileReference; lastKnownFileType = sourcecode.swift; path = StorageManager.swift; sourceTree = "<group>"; };
		41B4D5DD27B6DB800063AF03 /* ExploreViewController.swift */ = {isa = PBXFileReference; lastKnownFileType = sourcecode.swift; path = ExploreViewController.swift; sourceTree = "<group>"; };
		41B4D5DF27B6DBA70063AF03 /* CameraViewController.swift */ = {isa = PBXFileReference; lastKnownFileType = sourcecode.swift; path = CameraViewController.swift; sourceTree = "<group>"; };
		41B4D5E127B6DC1A0063AF03 /* NotificationsViewController.swift */ = {isa = PBXFileReference; lastKnownFileType = sourcecode.swift; path = NotificationsViewController.swift; sourceTree = "<group>"; };
		41B4D5E327B6DC280063AF03 /* ProfileViewController.swift */ = {isa = PBXFileReference; lastKnownFileType = sourcecode.swift; path = ProfileViewController.swift; sourceTree = "<group>"; };
		41B4D5E827B6DDB60063AF03 /* LoginViewController.swift */ = {isa = PBXFileReference; lastKnownFileType = sourcecode.swift; path = LoginViewController.swift; sourceTree = "<group>"; };
		41B4D5EA27B6DDC30063AF03 /* RegistrationViewController.swift */ = {isa = PBXFileReference; lastKnownFileType = sourcecode.swift; path = RegistrationViewController.swift; sourceTree = "<group>"; };
		41B4D5EC27B6DDF70063AF03 /* PostViewController.swift */ = {isa = PBXFileReference; lastKnownFileType = sourcecode.swift; path = PostViewController.swift; sourceTree = "<group>"; };
		41B4D5EE27B6DE3E0063AF03 /* EditProfileViewController.swift */ = {isa = PBXFileReference; lastKnownFileType = sourcecode.swift; path = EditProfileViewController.swift; sourceTree = "<group>"; };
		41B4D5F027B6DE4A0063AF03 /* SettingsViewController.swift */ = {isa = PBXFileReference; lastKnownFileType = sourcecode.swift; path = SettingsViewController.swift; sourceTree = "<group>"; };
		41B4D5F227B6DE560063AF03 /* ListViewController.swift */ = {isa = PBXFileReference; lastKnownFileType = sourcecode.swift; path = ListViewController.swift; sourceTree = "<group>"; };
		41B4D5F427B6DF130063AF03 /* SearchViewController.swift */ = {isa = PBXFileReference; lastKnownFileType = sourcecode.swift; path = SearchViewController.swift; sourceTree = "<group>"; };
		41B4D5F627B6DF320063AF03 /* SearchResultViewController.swift */ = {isa = PBXFileReference; lastKnownFileType = sourcecode.swift; path = SearchResultViewController.swift; sourceTree = "<group>"; };
		41B4D5F827B6DF830063AF03 /* PostEditorViewController.swift */ = {isa = PBXFileReference; lastKnownFileType = sourcecode.swift; path = PostEditorViewController.swift; sourceTree = "<group>"; };
		41B4D5FA27B6DF9D0063AF03 /* PublishPostViewController.swift */ = {isa = PBXFileReference; lastKnownFileType = sourcecode.swift; path = PublishPostViewController.swift; sourceTree = "<group>"; };
		41CCA19C27B2224400A1D5B0 /* Instagram.app */ = {isa = PBXFileReference; explicitFileType = wrapper.application; includeInIndex = 0; path = Instagram.app; sourceTree = BUILT_PRODUCTS_DIR; };
		41CCA19F27B2224400A1D5B0 /* AppDelegate.swift */ = {isa = PBXFileReference; lastKnownFileType = sourcecode.swift; path = AppDelegate.swift; sourceTree = "<group>"; };
		41CCA1A127B2224400A1D5B0 /* SceneDelegate.swift */ = {isa = PBXFileReference; lastKnownFileType = sourcecode.swift; path = SceneDelegate.swift; sourceTree = "<group>"; };
		41CCA1A327B2224400A1D5B0 /* HomeViewController.swift */ = {isa = PBXFileReference; lastKnownFileType = sourcecode.swift; path = HomeViewController.swift; sourceTree = "<group>"; };
		41CCA1A627B2224400A1D5B0 /* Base */ = {isa = PBXFileReference; lastKnownFileType = file.storyboard; name = Base; path = Base.lproj/Main.storyboard; sourceTree = "<group>"; };
		41CCA1A927B2224400A1D5B0 /* Instagram.xcdatamodel */ = {isa = PBXFileReference; lastKnownFileType = wrapper.xcdatamodel; path = Instagram.xcdatamodel; sourceTree = "<group>"; };
		41CCA1AB27B2224700A1D5B0 /* Assets.xcassets */ = {isa = PBXFileReference; lastKnownFileType = folder.assetcatalog; path = Assets.xcassets; sourceTree = "<group>"; };
		41CCA1AE27B2224700A1D5B0 /* Base */ = {isa = PBXFileReference; lastKnownFileType = file.storyboard; name = Base; path = Base.lproj/LaunchScreen.storyboard; sourceTree = "<group>"; };
		41CCA1B027B2224700A1D5B0 /* Info.plist */ = {isa = PBXFileReference; lastKnownFileType = text.plist.xml; path = Info.plist; sourceTree = "<group>"; };
		41E3560B27BB32770096EF3A /* Extensions.swift */ = {isa = PBXFileReference; lastKnownFileType = sourcecode.swift; path = Extensions.swift; sourceTree = "<group>"; };
		D061012EEB10A668D7A9EE51 /* Pods-Instagram.release.xcconfig */ = {isa = PBXFileReference; includeInIndex = 1; lastKnownFileType = text.xcconfig; name = "Pods-Instagram.release.xcconfig"; path = "Target Support Files/Pods-Instagram/Pods-Instagram.release.xcconfig"; sourceTree = "<group>"; };
/* End PBXFileReference section */

/* Begin PBXFrameworksBuildPhase section */
		41CCA19927B2224400A1D5B0 /* Frameworks */ = {
			isa = PBXFrameworksBuildPhase;
			buildActionMask = 2147483647;
			files = (
				1F0FA337B46FF0668969A04A /* Pods_Instagram.framework in Frameworks */,
			);
			runOnlyForDeploymentPostprocessing = 0;
		};
/* End PBXFrameworksBuildPhase section */

/* Begin PBXGroup section */
		41A9181E27BA13A900DC9E48 /* General */ = {
			isa = PBXGroup;
			children = (
				41B4D5EC27B6DDF70063AF03 /* PostViewController.swift */,
				41B4D5EE27B6DE3E0063AF03 /* EditProfileViewController.swift */,
				41B4D5F027B6DE4A0063AF03 /* SettingsViewController.swift */,
				41B4D5F227B6DE560063AF03 /* ListViewController.swift */,
				41B4D5F427B6DF130063AF03 /* SearchViewController.swift */,
				41B4D5F627B6DF320063AF03 /* SearchResultViewController.swift */,
				41B4D5F827B6DF830063AF03 /* PostEditorViewController.swift */,
				41B4D5FA27B6DF9D0063AF03 /* PublishPostViewController.swift */,
			);
			path = General;
			sourceTree = "<group>";
		};
		41B4D5E527B6DC390063AF03 /* CoreTabs */ = {
			isa = PBXGroup;
			children = (
				41CCA1A327B2224400A1D5B0 /* HomeViewController.swift */,
				41B4D5DD27B6DB800063AF03 /* ExploreViewController.swift */,
				41B4D5DF27B6DBA70063AF03 /* CameraViewController.swift */,
				41B4D5E127B6DC1A0063AF03 /* NotificationsViewController.swift */,
				41B4D5E327B6DC280063AF03 /* ProfileViewController.swift */,
			);
			path = CoreTabs;
			sourceTree = "<group>";
		};
		41B4D5E627B6DD880063AF03 /* Other */ = {
			isa = PBXGroup;
			children = (
				41B4D5E727B6DD950063AF03 /* Onboarding */,
				41A9181E27BA13A900DC9E48 /* General */,
			);
			path = Other;
			sourceTree = "<group>";
		};
		41B4D5E727B6DD950063AF03 /* Onboarding */ = {
			isa = PBXGroup;
			children = (
				41B4D5E827B6DDB60063AF03 /* LoginViewController.swift */,
				41B4D5EA27B6DDC30063AF03 /* RegistrationViewController.swift */,
			);
			path = Onboarding;
			sourceTree = "<group>";
		};
		41CCA19327B2224400A1D5B0 = {
			isa = PBXGroup;
			children = (
				41CCA19E27B2224400A1D5B0 /* Instagram */,
				41CCA19D27B2224400A1D5B0 /* Products */,
				49DF21690FDAA59AB5598CB8 /* Pods */,
				EFC53116F68B501D90660C98 /* Frameworks */,
			);
			sourceTree = "<group>";
		};
		41CCA19D27B2224400A1D5B0 /* Products */ = {
			isa = PBXGroup;
			children = (
				41CCA19C27B2224400A1D5B0 /* Instagram.app */,
			);
			name = Products;
			sourceTree = "<group>";
		};
		41CCA19E27B2224400A1D5B0 /* Instagram */ = {
			isa = PBXGroup;
			children = (
				41CCA1BA27B222EC00A1D5B0 /* Controllers */,
				41CCA1B827B222C500A1D5B0 /* Views */,
				41CCA1B727B222BA00A1D5B0 /* Models */,
				41CCA1B627B222AD00A1D5B0 /* Resources */,
				41CCA1B027B2224700A1D5B0 /* Info.plist */,
				41CCA1A827B2224400A1D5B0 /* Instagram.xcdatamodeld */,
			);
			path = Instagram;
			sourceTree = "<group>";
		};
		41CCA1B627B222AD00A1D5B0 /* Resources */ = {
			isa = PBXGroup;
			children = (
				41A9181C27B8C1B000DC9E48 /* GoogleService-Info.plist */,
				41CCA19F27B2224400A1D5B0 /* AppDelegate.swift */,
				41CCA1A127B2224400A1D5B0 /* SceneDelegate.swift */,
				41A9181F27BA157400DC9E48 /* DatabaseManager.swift */,
				41A9182127BA169C00DC9E48 /* AuthManager.swift */,
				41A9182327BA176F00DC9E48 /* StorageManager.swift */,
				41E3560B27BB32770096EF3A /* Extensions.swift */,
			);
			path = Resources;
			sourceTree = "<group>";
		};
		41CCA1B727B222BA00A1D5B0 /* Models */ = {
			isa = PBXGroup;
			children = (
			);
			path = Models;
			sourceTree = "<group>";
		};
		41CCA1B827B222C500A1D5B0 /* Views */ = {
			isa = PBXGroup;
			children = (
				41CCA1BB27B2235000A1D5B0 /* Storyboards */,
				41CCA1AB27B2224700A1D5B0 /* Assets.xcassets */,
			);
			path = Views;
			sourceTree = "<group>";
		};
		41CCA1BA27B222EC00A1D5B0 /* Controllers */ = {
			isa = PBXGroup;
			children = (
				41B4D5E627B6DD880063AF03 /* Other */,
				41B4D5E527B6DC390063AF03 /* CoreTabs */,
			);
			path = Controllers;
			sourceTree = "<group>";
		};
		41CCA1BB27B2235000A1D5B0 /* Storyboards */ = {
			isa = PBXGroup;
			children = (
				41CCA1A527B2224400A1D5B0 /* Main.storyboard */,
				41CCA1AD27B2224700A1D5B0 /* LaunchScreen.storyboard */,
			);
			path = Storyboards;
			sourceTree = "<group>";
		};
		49DF21690FDAA59AB5598CB8 /* Pods */ = {
			isa = PBXGroup;
			children = (
				1DB45FDEF72815B2D2461910 /* Pods-Instagram.debug.xcconfig */,
				D061012EEB10A668D7A9EE51 /* Pods-Instagram.release.xcconfig */,
			);
			path = Pods;
			sourceTree = "<group>";
		};
		EFC53116F68B501D90660C98 /* Frameworks */ = {
			isa = PBXGroup;
			children = (
				19ED41DA185756AEE8BEF234 /* Pods_Instagram.framework */,
			);
			name = Frameworks;
			sourceTree = "<group>";
		};
/* End PBXGroup section */

/* Begin PBXNativeTarget section */
		41CCA19B27B2224400A1D5B0 /* Instagram */ = {
			isa = PBXNativeTarget;
			buildConfigurationList = 41CCA1B327B2224700A1D5B0 /* Build configuration list for PBXNativeTarget "Instagram" */;
			buildPhases = (
				D320EDCC87DB3F9FBDB9B3A1 /* [CP] Check Pods Manifest.lock */,
				41CCA19827B2224400A1D5B0 /* Sources */,
				41CCA19927B2224400A1D5B0 /* Frameworks */,
				41CCA19A27B2224400A1D5B0 /* Resources */,
				8C74C8CD40A0A4D7EDF0F057 /* [CP] Embed Pods Frameworks */,
			);
			buildRules = (
			);
			dependencies = (
			);
			name = Instagram;
			productName = Instagram;
			productReference = 41CCA19C27B2224400A1D5B0 /* Instagram.app */;
			productType = "com.apple.product-type.application";
		};
/* End PBXNativeTarget section */

/* Begin PBXProject section */
		41CCA19427B2224400A1D5B0 /* Project object */ = {
			isa = PBXProject;
			attributes = {
				BuildIndependentTargetsInParallel = 1;
				LastSwiftUpdateCheck = 1320;
				LastUpgradeCheck = 1320;
				TargetAttributes = {
					41CCA19B27B2224400A1D5B0 = {
						CreatedOnToolsVersion = 13.2.1;
					};
				};
			};
			buildConfigurationList = 41CCA19727B2224400A1D5B0 /* Build configuration list for PBXProject "Instagram" */;
			compatibilityVersion = "Xcode 13.0";
			developmentRegion = en;
			hasScannedForEncodings = 0;
			knownRegions = (
				en,
				Base,
			);
			mainGroup = 41CCA19327B2224400A1D5B0;
			productRefGroup = 41CCA19D27B2224400A1D5B0 /* Products */;
			projectDirPath = "";
			projectRoot = "";
			targets = (
				41CCA19B27B2224400A1D5B0 /* Instagram */,
			);
		};
/* End PBXProject section */

/* Begin PBXResourcesBuildPhase section */
		41CCA19A27B2224400A1D5B0 /* Resources */ = {
			isa = PBXResourcesBuildPhase;
			buildActionMask = 2147483647;
			files = (
				41CCA1AF27B2224700A1D5B0 /* LaunchScreen.storyboard in Resources */,
				41A9181D27B8C1B000DC9E48 /* GoogleService-Info.plist in Resources */,
				41CCA1AC27B2224700A1D5B0 /* Assets.xcassets in Resources */,
				41CCA1A727B2224400A1D5B0 /* Main.storyboard in Resources */,
			);
			runOnlyForDeploymentPostprocessing = 0;
		};
/* End PBXResourcesBuildPhase section */

/* Begin PBXShellScriptBuildPhase section */
		8C74C8CD40A0A4D7EDF0F057 /* [CP] Embed Pods Frameworks */ = {
			isa = PBXShellScriptBuildPhase;
			buildActionMask = 2147483647;
			files = (
			);
			inputFileListPaths = (
				"${PODS_ROOT}/Target Support Files/Pods-Instagram/Pods-Instagram-frameworks-${CONFIGURATION}-input-files.xcfilelist",
			);
			name = "[CP] Embed Pods Frameworks";
			outputFileListPaths = (
				"${PODS_ROOT}/Target Support Files/Pods-Instagram/Pods-Instagram-frameworks-${CONFIGURATION}-output-files.xcfilelist",
			);
			runOnlyForDeploymentPostprocessing = 0;
			shellPath = /bin/sh;
			shellScript = "\"${PODS_ROOT}/Target Support Files/Pods-Instagram/Pods-Instagram-frameworks.sh\"\n";
			showEnvVarsInLog = 0;
		};
		D320EDCC87DB3F9FBDB9B3A1 /* [CP] Check Pods Manifest.lock */ = {
			isa = PBXShellScriptBuildPhase;
			buildActionMask = 2147483647;
			files = (
			);
			inputFileListPaths = (
			);
			inputPaths = (
				"${PODS_PODFILE_DIR_PATH}/Podfile.lock",
				"${PODS_ROOT}/Manifest.lock",
			);
			name = "[CP] Check Pods Manifest.lock";
			outputFileListPaths = (
			);
			outputPaths = (
				"$(DERIVED_FILE_DIR)/Pods-Instagram-checkManifestLockResult.txt",
			);
			runOnlyForDeploymentPostprocessing = 0;
			shellPath = /bin/sh;
			shellScript = "diff \"${PODS_PODFILE_DIR_PATH}/Podfile.lock\" \"${PODS_ROOT}/Manifest.lock\" > /dev/null\nif [ $? != 0 ] ; then\n    # print error to STDERR\n    echo \"error: The sandbox is not in sync with the Podfile.lock. Run 'pod install' or update your CocoaPods installation.\" >&2\n    exit 1\nfi\n# This output is used by Xcode 'outputs' to avoid re-running this script phase.\necho \"SUCCESS\" > \"${SCRIPT_OUTPUT_FILE_0}\"\n";
			showEnvVarsInLog = 0;
		};
/* End PBXShellScriptBuildPhase section */

/* Begin PBXSourcesBuildPhase section */
		41CCA19827B2224400A1D5B0 /* Sources */ = {
			isa = PBXSourcesBuildPhase;
			buildActionMask = 2147483647;
			files = (
				41B4D5F527B6DF130063AF03 /* SearchViewController.swift in Sources */,
				41B4D5E927B6DDB60063AF03 /* LoginViewController.swift in Sources */,
				41CCA1AA27B2224400A1D5B0 /* Instagram.xcdatamodeld in Sources */,
				41A9182427BA176F00DC9E48 /* StorageManager.swift in Sources */,
				41CCA1A427B2224400A1D5B0 /* HomeViewController.swift in Sources */,
				41B4D5F927B6DF830063AF03 /* PostEditorViewController.swift in Sources */,
				41B4D5DE27B6DB800063AF03 /* ExploreViewController.swift in Sources */,
				41B4D5EB27B6DDC30063AF03 /* RegistrationViewController.swift in Sources */,
				41CCA1A027B2224400A1D5B0 /* AppDelegate.swift in Sources */,
				41E3560C27BB32770096EF3A /* Extensions.swift in Sources */,
				41B4D5F327B6DE560063AF03 /* ListViewController.swift in Sources */,
				41A9182227BA169C00DC9E48 /* AuthManager.swift in Sources */,
				41CCA1A227B2224400A1D5B0 /* SceneDelegate.swift in Sources */,
				41B4D5FB27B6DF9D0063AF03 /* PublishPostViewController.swift in Sources */,
				41B4D5E227B6DC1B0063AF03 /* NotificationsViewController.swift in Sources */,
				41B4D5EF27B6DE3E0063AF03 /* EditProfileViewController.swift in Sources */,
				41B4D5E427B6DC280063AF03 /* ProfileViewController.swift in Sources */,
				41A9182027BA157400DC9E48 /* DatabaseManager.swift in Sources */,
				41B4D5F127B6DE4A0063AF03 /* SettingsViewController.swift in Sources */,
				41B4D5E027B6DBA70063AF03 /* CameraViewController.swift in Sources */,
				41B4D5F727B6DF320063AF03 /* SearchResultViewController.swift in Sources */,
				41B4D5ED27B6DDF70063AF03 /* PostViewController.swift in Sources */,
			);
			runOnlyForDeploymentPostprocessing = 0;
		};
/* End PBXSourcesBuildPhase section */

/* Begin PBXVariantGroup section */
		41CCA1A527B2224400A1D5B0 /* Main.storyboard */ = {
			isa = PBXVariantGroup;
			children = (
				41CCA1A627B2224400A1D5B0 /* Base */,
			);
			name = Main.storyboard;
			sourceTree = "<group>";
		};
		41CCA1AD27B2224700A1D5B0 /* LaunchScreen.storyboard */ = {
			isa = PBXVariantGroup;
			children = (
				41CCA1AE27B2224700A1D5B0 /* Base */,
			);
			name = LaunchScreen.storyboard;
			sourceTree = "<group>";
		};
/* End PBXVariantGroup section */

/* Begin XCBuildConfiguration section */
		41CCA1B127B2224700A1D5B0 /* Debug */ = {
			isa = XCBuildConfiguration;
			buildSettings = {
				ALWAYS_SEARCH_USER_PATHS = NO;
				CLANG_ANALYZER_NONNULL = YES;
				CLANG_ANALYZER_NUMBER_OBJECT_CONVERSION = YES_AGGRESSIVE;
				CLANG_CXX_LANGUAGE_STANDARD = "gnu++17";
				CLANG_CXX_LIBRARY = "libc++";
				CLANG_ENABLE_MODULES = YES;
				CLANG_ENABLE_OBJC_ARC = YES;
				CLANG_ENABLE_OBJC_WEAK = YES;
				CLANG_WARN_BLOCK_CAPTURE_AUTORELEASING = YES;
				CLANG_WARN_BOOL_CONVERSION = YES;
				CLANG_WARN_COMMA = YES;
				CLANG_WARN_CONSTANT_CONVERSION = YES;
				CLANG_WARN_DEPRECATED_OBJC_IMPLEMENTATIONS = YES;
				CLANG_WARN_DIRECT_OBJC_ISA_USAGE = YES_ERROR;
				CLANG_WARN_DOCUMENTATION_COMMENTS = YES;
				CLANG_WARN_EMPTY_BODY = YES;
				CLANG_WARN_ENUM_CONVERSION = YES;
				CLANG_WARN_INFINITE_RECURSION = YES;
				CLANG_WARN_INT_CONVERSION = YES;
				CLANG_WARN_NON_LITERAL_NULL_CONVERSION = YES;
				CLANG_WARN_OBJC_IMPLICIT_RETAIN_SELF = YES;
				CLANG_WARN_OBJC_LITERAL_CONVERSION = YES;
				CLANG_WARN_OBJC_ROOT_CLASS = YES_ERROR;
				CLANG_WARN_QUOTED_INCLUDE_IN_FRAMEWORK_HEADER = YES;
				CLANG_WARN_RANGE_LOOP_ANALYSIS = YES;
				CLANG_WARN_STRICT_PROTOTYPES = YES;
				CLANG_WARN_SUSPICIOUS_MOVE = YES;
				CLANG_WARN_UNGUARDED_AVAILABILITY = YES_AGGRESSIVE;
				CLANG_WARN_UNREACHABLE_CODE = YES;
				CLANG_WARN__DUPLICATE_METHOD_MATCH = YES;
				COPY_PHASE_STRIP = NO;
				DEBUG_INFORMATION_FORMAT = dwarf;
				ENABLE_STRICT_OBJC_MSGSEND = YES;
				ENABLE_TESTABILITY = YES;
				GCC_C_LANGUAGE_STANDARD = gnu11;
				GCC_DYNAMIC_NO_PIC = NO;
				GCC_NO_COMMON_BLOCKS = YES;
				GCC_OPTIMIZATION_LEVEL = 0;
				GCC_PREPROCESSOR_DEFINITIONS = (
					"DEBUG=1",
					"$(inherited)",
				);
				GCC_WARN_64_TO_32_BIT_CONVERSION = YES;
				GCC_WARN_ABOUT_RETURN_TYPE = YES_ERROR;
				GCC_WARN_UNDECLARED_SELECTOR = YES;
				GCC_WARN_UNINITIALIZED_AUTOS = YES_AGGRESSIVE;
				GCC_WARN_UNUSED_FUNCTION = YES;
				GCC_WARN_UNUSED_VARIABLE = YES;
				IPHONEOS_DEPLOYMENT_TARGET = 15.2;
				MTL_ENABLE_DEBUG_INFO = INCLUDE_SOURCE;
				MTL_FAST_MATH = YES;
				ONLY_ACTIVE_ARCH = YES;
				SDKROOT = iphoneos;
				SWIFT_ACTIVE_COMPILATION_CONDITIONS = DEBUG;
				SWIFT_OPTIMIZATION_LEVEL = "-Onone";
			};
			name = Debug;
		};
		41CCA1B227B2224700A1D5B0 /* Release */ = {
			isa = XCBuildConfiguration;
			buildSettings = {
				ALWAYS_SEARCH_USER_PATHS = NO;
				CLANG_ANALYZER_NONNULL = YES;
				CLANG_ANALYZER_NUMBER_OBJECT_CONVERSION = YES_AGGRESSIVE;
				CLANG_CXX_LANGUAGE_STANDARD = "gnu++17";
				CLANG_CXX_LIBRARY = "libc++";
				CLANG_ENABLE_MODULES = YES;
				CLANG_ENABLE_OBJC_ARC = YES;
				CLANG_ENABLE_OBJC_WEAK = YES;
				CLANG_WARN_BLOCK_CAPTURE_AUTORELEASING = YES;
				CLANG_WARN_BOOL_CONVERSION = YES;
				CLANG_WARN_COMMA = YES;
				CLANG_WARN_CONSTANT_CONVERSION = YES;
				CLANG_WARN_DEPRECATED_OBJC_IMPLEMENTATIONS = YES;
				CLANG_WARN_DIRECT_OBJC_ISA_USAGE = YES_ERROR;
				CLANG_WARN_DOCUMENTATION_COMMENTS = YES;
				CLANG_WARN_EMPTY_BODY = YES;
				CLANG_WARN_ENUM_CONVERSION = YES;
				CLANG_WARN_INFINITE_RECURSION = YES;
				CLANG_WARN_INT_CONVERSION = YES;
				CLANG_WARN_NON_LITERAL_NULL_CONVERSION = YES;
				CLANG_WARN_OBJC_IMPLICIT_RETAIN_SELF = YES;
				CLANG_WARN_OBJC_LITERAL_CONVERSION = YES;
				CLANG_WARN_OBJC_ROOT_CLASS = YES_ERROR;
				CLANG_WARN_QUOTED_INCLUDE_IN_FRAMEWORK_HEADER = YES;
				CLANG_WARN_RANGE_LOOP_ANALYSIS = YES;
				CLANG_WARN_STRICT_PROTOTYPES = YES;
				CLANG_WARN_SUSPICIOUS_MOVE = YES;
				CLANG_WARN_UNGUARDED_AVAILABILITY = YES_AGGRESSIVE;
				CLANG_WARN_UNREACHABLE_CODE = YES;
				CLANG_WARN__DUPLICATE_METHOD_MATCH = YES;
				COPY_PHASE_STRIP = NO;
				DEBUG_INFORMATION_FORMAT = "dwarf-with-dsym";
				ENABLE_NS_ASSERTIONS = NO;
				ENABLE_STRICT_OBJC_MSGSEND = YES;
				GCC_C_LANGUAGE_STANDARD = gnu11;
				GCC_NO_COMMON_BLOCKS = YES;
				GCC_WARN_64_TO_32_BIT_CONVERSION = YES;
				GCC_WARN_ABOUT_RETURN_TYPE = YES_ERROR;
				GCC_WARN_UNDECLARED_SELECTOR = YES;
				GCC_WARN_UNINITIALIZED_AUTOS = YES_AGGRESSIVE;
				GCC_WARN_UNUSED_FUNCTION = YES;
				GCC_WARN_UNUSED_VARIABLE = YES;
				IPHONEOS_DEPLOYMENT_TARGET = 15.2;
				MTL_ENABLE_DEBUG_INFO = NO;
				MTL_FAST_MATH = YES;
				SDKROOT = iphoneos;
				SWIFT_COMPILATION_MODE = wholemodule;
				SWIFT_OPTIMIZATION_LEVEL = "-O";
				VALIDATE_PRODUCT = YES;
			};
			name = Release;
		};
		41CCA1B427B2224700A1D5B0 /* Debug */ = {
			isa = XCBuildConfiguration;
			baseConfigurationReference = 1DB45FDEF72815B2D2461910 /* Pods-Instagram.debug.xcconfig */;
			buildSettings = {
				ASSETCATALOG_COMPILER_APPICON_NAME = AppIcon;
				ASSETCATALOG_COMPILER_GLOBAL_ACCENT_COLOR_NAME = AccentColor;
				CODE_SIGN_STYLE = Automatic;
				CURRENT_PROJECT_VERSION = 1;
				DEVELOPMENT_TEAM = 77EDQE4S28;
				GENERATE_INFOPLIST_FILE = YES;
				INFOPLIST_FILE = Instagram/Info.plist;
				INFOPLIST_KEY_UIApplicationSupportsIndirectInputEvents = YES;
				INFOPLIST_KEY_UILaunchStoryboardName = LaunchScreen;
				INFOPLIST_KEY_UIMainStoryboardFile = Main;
				INFOPLIST_KEY_UISupportedInterfaceOrientations_iPad = "UIInterfaceOrientationPortrait UIInterfaceOrientationPortraitUpsideDown UIInterfaceOrientationLandscapeLeft UIInterfaceOrientationLandscapeRight";
				INFOPLIST_KEY_UISupportedInterfaceOrientations_iPhone = "UIInterfaceOrientationPortrait UIInterfaceOrientationLandscapeLeft UIInterfaceOrientationLandscapeRight";
				LD_RUNPATH_SEARCH_PATHS = (
					"$(inherited)",
					"@executable_path/Frameworks",
				);
				MARKETING_VERSION = 1.0;
				PRODUCT_BUNDLE_IDENTIFIER = com.fourlynx.Instagram;
				PRODUCT_NAME = "$(TARGET_NAME)";
				SWIFT_EMIT_LOC_STRINGS = YES;
				SWIFT_VERSION = 5.0;
				TARGETED_DEVICE_FAMILY = "1,2";
			};
			name = Debug;
		};
		41CCA1B527B2224700A1D5B0 /* Release */ = {
			isa = XCBuildConfiguration;
			baseConfigurationReference = D061012EEB10A668D7A9EE51 /* Pods-Instagram.release.xcconfig */;
			buildSettings = {
				ASSETCATALOG_COMPILER_APPICON_NAME = AppIcon;
				ASSETCATALOG_COMPILER_GLOBAL_ACCENT_COLOR_NAME = AccentColor;
				CODE_SIGN_STYLE = Automatic;
				CURRENT_PROJECT_VERSION = 1;
				DEVELOPMENT_TEAM = 77EDQE4S28;
				GENERATE_INFOPLIST_FILE = YES;
				INFOPLIST_FILE = Instagram/Info.plist;
				INFOPLIST_KEY_UIApplicationSupportsIndirectInputEvents = YES;
				INFOPLIST_KEY_UILaunchStoryboardName = LaunchScreen;
				INFOPLIST_KEY_UIMainStoryboardFile = Main;
				INFOPLIST_KEY_UISupportedInterfaceOrientations_iPad = "UIInterfaceOrientationPortrait UIInterfaceOrientationPortraitUpsideDown UIInterfaceOrientationLandscapeLeft UIInterfaceOrientationLandscapeRight";
				INFOPLIST_KEY_UISupportedInterfaceOrientations_iPhone = "UIInterfaceOrientationPortrait UIInterfaceOrientationLandscapeLeft UIInterfaceOrientationLandscapeRight";
				LD_RUNPATH_SEARCH_PATHS = (
					"$(inherited)",
					"@executable_path/Frameworks",
				);
				MARKETING_VERSION = 1.0;
				PRODUCT_BUNDLE_IDENTIFIER = com.fourlynx.Instagram;
				PRODUCT_NAME = "$(TARGET_NAME)";
				SWIFT_EMIT_LOC_STRINGS = YES;
				SWIFT_VERSION = 5.0;
				TARGETED_DEVICE_FAMILY = "1,2";
			};
			name = Release;
		};
/* End XCBuildConfiguration section */

/* Begin XCConfigurationList section */
		41CCA19727B2224400A1D5B0 /* Build configuration list for PBXProject "Instagram" */ = {
			isa = XCConfigurationList;
			buildConfigurations = (
				41CCA1B127B2224700A1D5B0 /* Debug */,
				41CCA1B227B2224700A1D5B0 /* Release */,
			);
			defaultConfigurationIsVisible = 0;
			defaultConfigurationName = Release;
		};
		41CCA1B327B2224700A1D5B0 /* Build configuration list for PBXNativeTarget "Instagram" */ = {
			isa = XCConfigurationList;
			buildConfigurations = (
				41CCA1B427B2224700A1D5B0 /* Debug */,
				41CCA1B527B2224700A1D5B0 /* Release */,
			);
			defaultConfigurationIsVisible = 0;
			defaultConfigurationName = Release;
		};
/* End XCConfigurationList section */

/* Begin XCVersionGroup section */
		41CCA1A827B2224400A1D5B0 /* Instagram.xcdatamodeld */ = {
			isa = XCVersionGroup;
			children = (
				41CCA1A927B2224400A1D5B0 /* Instagram.xcdatamodel */,
			);
			currentVersion = 41CCA1A927B2224400A1D5B0 /* Instagram.xcdatamodel */;
			path = Instagram.xcdatamodeld;
			sourceTree = "<group>";
			versionGroupType = wrapper.xcdatamodel;
		};
/* End XCVersionGroup section */
	};
	rootObject = 41CCA19427B2224400A1D5B0 /* Project object */;
}
